<Solution>
  <Project Path="src/KernelMind.Domain/KernelMind.Domain.csproj" />
  <Project Path="src/KernelMind.Core/KernelMind.Core.csproj" />
  <Project Path="src/KernelMind.Infrastructure/KernelMind.Infrastructure.csproj" />
  <Project Path="src/KernelMind.Api/KernelMind.Api.csproj" />
  <Project Path="tests/KernelMind.IntegrationTests/KernelMind.IntegrationTests.csproj" />
</Solution>
